<?xml version="1.0" encoding="UTF-8"?>
<CONFIG>
  <ProjectOptions>
    <Version Value="12"/>
    <General>
      <UseAppBundle Value="False"/>
    </General>
    <BuildModes Active="Raspberry Pi Pico">
      <Item Name="Raspberry Pi Pico" Default="True"/>
      <Item Name="Adafruit Feather RP2040">
        <CompilerOptions>
          <Version Value="11"/>
          <Target>
            <Filename Value="bin/pio_ws2812"/>
          </Target>
          <SearchPaths>
            <IncludeFiles Value="$(ProjOutDir)"/>
            <OtherUnitFiles Value="../units"/>
            <UnitOutputDirectory Value="lib/$(TargetCPU)-$(TargetOS)"/>
          </SearchPaths>
          <CodeGeneration>
            <TargetProcessor Value="armv6m"/>
            <TargetCPU Value="arm"/>
            <TargetOS Value="embedded"/>
          </CodeGeneration>
          <Linking>
            <Debugging>
              <DebugInfoType Value="dsDwarf2"/>
              <UseLineInfoUnit Value="False"/>
            </Debugging>
          </Linking>
          <Other>
            <CustomOptions Value="-Wpfeather_rp2040
-godwarfsets
-godwarfcpp
-Xu"/>
          </Other>
        </CompilerOptions>
      </Item>
      <Item Name="Adafruit ItsyBitzy RP2040">
        <CompilerOptions>
          <Version Value="11"/>
          <Target>
            <Filename Value="bin/pio_ws2812"/>
          </Target>
          <SearchPaths>
            <IncludeFiles Value="$(ProjOutDir)"/>
            <OtherUnitFiles Value="../units"/>
            <UnitOutputDirectory Value="lib/$(TargetCPU)-$(TargetOS)"/>
          </SearchPaths>
          <CodeGeneration>
            <TargetProcessor Value="armv6m"/>
            <TargetCPU Value="arm"/>
            <TargetOS Value="embedded"/>
          </CodeGeneration>
          <Linking>
            <Debugging>
              <DebugInfoType Value="dsDwarf2"/>
              <UseLineInfoUnit Value="False"/>
            </Debugging>
          </Linking>
          <Other>
            <CustomOptions Value="-Wpitzybitzy_rp2040
-godwarfsets
-godwarfcpp
-Xu"/>
          </Other>
        </CompilerOptions>
      </Item>
      <Item Name="Adafruit QTPY RP2040">
        <CompilerOptions>
          <Version Value="11"/>
          <Target>
            <Filename Value="bin/pio_ws2812"/>
          </Target>
          <SearchPaths>
            <IncludeFiles Value="$(ProjOutDir)"/>
            <OtherUnitFiles Value="../units"/>
            <UnitOutputDirectory Value="lib/$(TargetCPU)-$(TargetOS)"/>
          </SearchPaths>
          <CodeGeneration>
            <TargetProcessor Value="armv6m"/>
            <TargetCPU Value="arm"/>
            <TargetOS Value="embedded"/>
          </CodeGeneration>
          <Linking>
            <Debugging>
              <DebugInfoType Value="dsDwarf2"/>
              <UseLineInfoUnit Value="False"/>
            </Debugging>
          </Linking>
          <Other>
            <CustomOptions Value="-Wpqtpy_rp2040
-godwarfsets
-godwarfcpp
-Xu"/>
          </Other>
        </CompilerOptions>
      </Item>
      <Item Name="Pimoroni Tiny 2040">
        <CompilerOptions>
          <Version Value="11"/>
          <Target>
            <Filename Value="bin/pio_ws2812"/>
          </Target>
          <SearchPaths>
            <IncludeFiles Value="$(ProjOutDir)"/>
            <OtherUnitFiles Value="../units"/>
            <UnitOutputDirectory Value="lib/$(TargetCPU)-$(TargetOS)"/>
          </SearchPaths>
          <CodeGeneration>
            <TargetProcessor Value="armv6m"/>
            <TargetCPU Value="arm"/>
            <TargetOS Value="embedded"/>
          </CodeGeneration>
          <Linking>
            <Debugging>
              <DebugInfoType Value="dsDwarf2"/>
              <UseLineInfoUnit Value="False"/>
            </Debugging>
          </Linking>
          <Other>
            <CustomOptions Value="-Wptiny_2040
-godwarfsets
-godwarfcpp
-Xu"/>
          </Other>
        </CompilerOptions>
      </Item>
      <Item Name="SparkFun Pro Micro RP2040">
        <CompilerOptions>
          <Version Value="11"/>
          <Target>
            <Filename Value="bin/pio_ws2812"/>
          </Target>
          <SearchPaths>
            <IncludeFiles Value="$(ProjOutDir)"/>
            <OtherUnitFiles Value="../units"/>
            <UnitOutputDirectory Value="lib/$(TargetCPU)-$(TargetOS)"/>
          </SearchPaths>
          <CodeGeneration>
            <TargetProcessor Value="armv6m"/>
            <TargetCPU Value="arm"/>
            <TargetOS Value="embedded"/>
          </CodeGeneration>
          <Linking>
            <Debugging>
              <DebugInfoType Value="dsDwarf2"/>
              <UseLineInfoUnit Value="False"/>
            </Debugging>
          </Linking>
          <Other>
            <CustomOptions Value="-Wppromicro_rp2040
-godwarfsets
-godwarfcpp
-Xu"/>
          </Other>
        </CompilerOptions>
      </Item>
      <Item Name="SparkFun Thing Plus RP2040">
        <CompilerOptions>
          <Version Value="11"/>
          <Target>
            <Filename Value="bin/pio_ws2812"/>
          </Target>
          <SearchPaths>
            <IncludeFiles Value="$(ProjOutDir)"/>
            <OtherUnitFiles Value="../units"/>
            <UnitOutputDirectory Value="lib/$(TargetCPU)-$(TargetOS)"/>
          </SearchPaths>
          <CodeGeneration>
            <TargetProcessor Value="armv6m"/>
            <TargetCPU Value="arm"/>
            <TargetOS Value="embedded"/>
          </CodeGeneration>
          <Linking>
            <Debugging>
              <DebugInfoType Value="dsDwarf2"/>
              <UseLineInfoUnit Value="False"/>
            </Debugging>
          </Linking>
          <Other>
            <CustomOptions Value="-Wpthingplus_rp2040
-godwarfsets
-godwarfcpp
-Xu"/>
          </Other>
        </CompilerOptions>
      </Item>
    </BuildModes>
    <PublishOptions>
      <Version Value="2"/>
    </PublishOptions>
    <RunParams>
      <FormatVersion Value="2"/>
    </RunParams>
    <Units>
      <Unit>
        <Filename Value="pio_ws2812.lpr"/>
        <IsPartOfProject Value="True"/>
        <IsVisibleTab Value="True"/>
        <TopLine Value="18"/>
        <CursorPos X="68" Y="46"/>
        <UsageCount Value="43"/>
        <Loaded Value="True"/>
      </Unit>
      <Unit>
        <Filename Value="../units/pico_c.pas"/>
        <EditorIndex Value="3"/>
        <TopLine Value="189"/>
        <CursorPos X="39" Y="208"/>
        <UsageCount Value="21"/>
        <Loaded Value="True"/>
      </Unit>
      <Unit>
        <Filename Value="../units/pico_pio_c.pas"/>
        <EditorIndex Value="4"/>
        <TopLine Value="4"/>
        <CursorPos X="10" Y="272"/>
        <UsageCount Value="21"/>
        <Loaded Value="True"/>
      </Unit>
      <Unit>
        <Filename Value="ws2812.inc"/>
        <EditorIndex Value="2"/>
        <CursorPos X="54" Y="26"/>
        <UsageCount Value="18"/>
        <Loaded Value="True"/>
      </Unit>
      <Unit>
        <Filename Value="../units/pico_sync_c.pas"/>
        <IsPartOfProject Value="True"/>
        <EditorIndex Value="5"/>
        <TopLine Value="30"/>
        <CursorPos X="50" Y="46"/>
        <UsageCount Value="33"/>
        <Loaded Value="True"/>
      </Unit>
      <Unit>
        <Filename Value="../../../fpcupdeluxe/fpcsrc/rtl/embedded/arm/cortexm0p_start.inc"/>
        <EditorIndex Value="1"/>
        <TopLine Value="74"/>
        <CursorPos Y="63"/>
        <UsageCount Value="14"/>
        <Loaded Value="True"/>
      </Unit>
    </Units>
    <JumpHistory HistoryIndex="29">
      <Position>
        <Filename Value="../units/pico_pio_c.pas"/>
        <Caret Line="1286" TopLine="1264"/>
      </Position>
      <Position>
        <Filename Value="../units/pico_pio_c.pas"/>
        <Caret Line="1405" TopLine="1385"/>
      </Position>
      <Position>
        <Filename Value="pio_ws2812.lpr"/>
        <Caret Line="35" TopLine="14"/>
      </Position>
      <Position>
        <Filename Value="pio_ws2812.lpr"/>
        <Caret Line="47" TopLine="14"/>
      </Position>
      <Position>
        <Filename Value="pio_ws2812.lpr"/>
        <Caret Line="48" TopLine="14"/>
      </Position>
      <Position>
        <Filename Value="pio_ws2812.lpr"/>
        <Caret Line="33" TopLine="14"/>
      </Position>
      <Position>
        <Filename Value="pio_ws2812.lpr"/>
        <Caret Line="34" TopLine="14"/>
      </Position>
      <Position>
        <Filename Value="../units/pico_pio_c.pas"/>
        <Caret Line="1402" TopLine="1385"/>
      </Position>
      <Position>
        <Filename Value="../units/pico_pio_c.pas"/>
        <Caret Line="1403" TopLine="1385"/>
      </Position>
      <Position>
        <Filename Value="../units/pico_pio_c.pas"/>
        <Caret Line="1359" TopLine="1339"/>
      </Position>
      <Position>
        <Filename Value="../units/pico_pio_c.pas"/>
        <Caret Line="1360" TopLine="1339"/>
      </Position>
      <Position>
        <Filename Value="../units/pico_pio_c.pas"/>
        <Caret Line="1361" TopLine="1339"/>
      </Position>
      <Position>
        <Filename Value="../units/pico_pio_c.pas"/>
        <Caret Line="1404" TopLine="1384"/>
      </Position>
      <Position>
        <Filename Value="../units/pico_pio_c.pas"/>
        <Caret Line="1284" TopLine="1264"/>
      </Position>
      <Position>
        <Filename Value="../units/pico_pio_c.pas"/>
        <Caret Line="1285" TopLine="1264"/>
      </Position>
      <Position>
        <Filename Value="../units/pico_pio_c.pas"/>
        <Caret Line="1286" TopLine="1264"/>
      </Position>
      <Position>
        <Filename Value="../units/pico_pio_c.pas"/>
        <Caret Line="1405" TopLine="1385"/>
      </Position>
      <Position>
        <Filename Value="pio_ws2812.lpr"/>
        <Caret Line="35" TopLine="14"/>
      </Position>
      <Position>
        <Filename Value="pio_ws2812.lpr"/>
        <Caret Line="49" TopLine="14"/>
      </Position>
      <Position>
        <Filename Value="pio_ws2812.lpr"/>
        <Caret Line="50" TopLine="14"/>
      </Position>
      <Position>
        <Filename Value="pio_ws2812.lpr"/>
        <Caret Line="53" Column="34" TopLine="17"/>
      </Position>
      <Position>
        <Filename Value="pio_ws2812.lpr"/>
        <Caret Line="55" Column="7" TopLine="18"/>
      </Position>
      <Position>
        <Filename Value="../units/pico_pio_c.pas"/>
        <Caret Line="1359" TopLine="1339"/>
      </Position>
      <Position>
        <Filename Value="pio_ws2812.lpr"/>
        <Caret Line="45" TopLine="18"/>
      </Position>
      <Position>
        <Filename Value="pio_ws2812.lpr"/>
        <Caret Line="46" TopLine="18"/>
      </Position>
      <Position>
        <Filename Value="ws2812.inc"/>
        <Caret Line="44" TopLine="24"/>
      </Position>
      <Position>
        <Filename Value="ws2812.inc"/>
        <Caret Line="45" TopLine="24"/>
      </Position>
      <Position>
        <Filename Value="pio_ws2812.lpr"/>
        <Caret Line="45" TopLine="18"/>
      </Position>
      <Position>
        <Filename Value="pio_ws2812.lpr"/>
        <Caret Line="46" TopLine="18"/>
      </Position>
      <Position>
        <Filename Value="ws2812.inc"/>
        <Caret Line="26" Column="56" TopLine="6"/>
      </Position>
    </JumpHistory>
  </ProjectOptions>
  <CompilerOptions>
    <Version Value="11"/>
    <Target>
      <Filename Value="bin/pio_ws2812"/>
    </Target>
    <SearchPaths>
      <IncludeFiles Value="$(ProjOutDir)"/>
      <OtherUnitFiles Value="../units"/>
      <UnitOutputDirectory Value="lib/$(TargetCPU)-$(TargetOS)"/>
    </SearchPaths>
    <CodeGeneration>
      <TargetProcessor Value="armv6m"/>
      <TargetCPU Value="arm"/>
      <TargetOS Value="embedded"/>
    </CodeGeneration>
    <Linking>
      <Debugging>
        <DebugInfoType Value="dsDwarf2"/>
        <UseLineInfoUnit Value="False"/>
      </Debugging>
    </Linking>
    <Other>
      <CustomOptions Value="-Wpraspi_pico
-godwarfsets
-godwarfcpp
-Xu"/>
    </Other>
  </CompilerOptions>
  <Debugging>
    <Watches>
      <Item>
        <Expression Value="@ws2812_program"/>
      </Item>
    </Watches>
  </Debugging>
</CONFIG>
