<?xml version="1.0" encoding="UTF-8"?>
<CONFIG>
  <ProjectOptions>
    <Version Value="12"/>
    <General>
      <Flags>
        <MainUnitHasCreateFormStatements Value="False"/>
        <MainUnitHasTitleStatement Value="False"/>
        <MainUnitHasScaledStatement Value="False"/>
      </Flags>
      <SessionStorage Value="InProjectDir"/>
      <Title Value="gpio_irq"/>
      <UseAppBundle Value="False"/>
      <ResourceType Value="res"/>
    </General>
    <BuildModes>
      <Item Name="Raspberry Pi Pico" Default="True"/>
      <Item Name="Adafruit Feather RP2040">
        <CompilerOptions>
          <Version Value="11"/>
          <Target>
            <Filename Value="bin/gpio_irq"/>
          </Target>
          <SearchPaths>
            <IncludeFiles Value="$(ProjOutDir)"/>
            <OtherUnitFiles Value="../units"/>
            <UnitOutputDirectory Value="lib/$(TargetCPU)-$(TargetOS)"/>
          </SearchPaths>
          <CodeGeneration>
            <HeapSize Value="10000"/>
            <StackSize Value="10000"/>
            <TargetProcessor Value="armv6m"/>
            <TargetCPU Value="arm"/>
            <TargetOS Value="embedded"/>
          </CodeGeneration>
          <Linking>
            <Debugging>
              <DebugInfoType Value="dsDwarf2"/>
              <UseLineInfoUnit Value="False"/>
            </Debugging>
          </Linking>
          <Other>
            <CustomOptions Value="-Wpfeather_rp2040
-godwarfsets
-godwarfcpp
-Xu"/>
          </Other>
        </CompilerOptions>
      </Item>
      <Item Name="Adafruit ItsyBitzy RP2040">
        <CompilerOptions>
          <Version Value="11"/>
          <Target>
            <Filename Value="bin/gpio_irq"/>
          </Target>
          <SearchPaths>
            <IncludeFiles Value="$(ProjOutDir)"/>
            <OtherUnitFiles Value="../units"/>
            <UnitOutputDirectory Value="lib/$(TargetCPU)-$(TargetOS)"/>
          </SearchPaths>
          <CodeGeneration>
            <TargetProcessor Value="armv6m"/>
            <TargetCPU Value="arm"/>
            <TargetOS Value="embedded"/>
          </CodeGeneration>
          <Linking>
            <Debugging>
              <DebugInfoType Value="dsDwarf2"/>
              <UseLineInfoUnit Value="False"/>
            </Debugging>
          </Linking>
          <Other>
            <CustomOptions Value="-Wpitzybitzy_rp2040
-godwarfsets
-godwarfcpp
-Xu"/>
          </Other>
        </CompilerOptions>
      </Item>
      <Item Name="Adafruit QTPY RP2040">
        <CompilerOptions>
          <Version Value="11"/>
          <Target>
            <Filename Value="bin/gpio_irq"/>
          </Target>
          <SearchPaths>
            <IncludeFiles Value="$(ProjOutDir)"/>
            <OtherUnitFiles Value="../units"/>
            <UnitOutputDirectory Value="lib/$(TargetCPU)-$(TargetOS)"/>
          </SearchPaths>
          <CodeGeneration>
            <TargetProcessor Value="armv6m"/>
            <TargetCPU Value="arm"/>
            <TargetOS Value="embedded"/>
          </CodeGeneration>
          <Linking>
            <Debugging>
              <DebugInfoType Value="dsDwarf2"/>
              <UseLineInfoUnit Value="False"/>
            </Debugging>
          </Linking>
          <Other>
            <CustomOptions Value="-Wpqtpy_rp2040
-godwarfsets
-godwarfcpp
-Xu"/>
          </Other>
        </CompilerOptions>
      </Item>
      <Item Name="Pimoroni Tiny 2040">
        <CompilerOptions>
          <Version Value="11"/>
          <Target>
            <Filename Value="bin/gpio_irq"/>
          </Target>
          <SearchPaths>
            <IncludeFiles Value="$(ProjOutDir)"/>
            <OtherUnitFiles Value="../units"/>
            <UnitOutputDirectory Value="lib/$(TargetCPU)-$(TargetOS)"/>
          </SearchPaths>
          <CodeGeneration>
            <TargetProcessor Value="armv6m"/>
            <TargetCPU Value="arm"/>
            <TargetOS Value="embedded"/>
          </CodeGeneration>
          <Linking>
            <Debugging>
              <DebugInfoType Value="dsDwarf2"/>
              <UseLineInfoUnit Value="False"/>
            </Debugging>
          </Linking>
          <Other>
            <CustomOptions Value="-Wptiny_2040
-godwarfsets
-godwarfcpp
-Xu"/>
          </Other>
        </CompilerOptions>
      </Item>
      <Item Name="SparkFun Pro Micro RP2040">
        <CompilerOptions>
          <Version Value="11"/>
          <Target>
            <Filename Value="bin/gpio_irq"/>
          </Target>
          <SearchPaths>
            <IncludeFiles Value="$(ProjOutDir)"/>
            <OtherUnitFiles Value="../units"/>
            <UnitOutputDirectory Value="lib/$(TargetCPU)-$(TargetOS)"/>
          </SearchPaths>
          <CodeGeneration>
            <TargetProcessor Value="armv6m"/>
            <TargetCPU Value="arm"/>
            <TargetOS Value="embedded"/>
          </CodeGeneration>
          <Linking>
            <Debugging>
              <DebugInfoType Value="dsDwarf2"/>
              <UseLineInfoUnit Value="False"/>
            </Debugging>
          </Linking>
          <Other>
            <CustomOptions Value="-Wppromicro_rp2040
-godwarfsets
-godwarfcpp
-Xu"/>
          </Other>
        </CompilerOptions>
      </Item>
      <Item Name="SparkFun Thing Plus RP2040">
        <CompilerOptions>
          <Version Value="11"/>
          <Target>
            <Filename Value="bin/gpio_irq"/>
          </Target>
          <SearchPaths>
            <IncludeFiles Value="$(ProjOutDir)"/>
            <OtherUnitFiles Value="../units"/>
            <UnitOutputDirectory Value="lib/$(TargetCPU)-$(TargetOS)"/>
          </SearchPaths>
          <CodeGeneration>
            <TargetProcessor Value="armv6m"/>
            <TargetCPU Value="arm"/>
            <TargetOS Value="embedded"/>
          </CodeGeneration>
          <Linking>
            <Debugging>
              <DebugInfoType Value="dsDwarf2"/>
              <UseLineInfoUnit Value="False"/>
            </Debugging>
          </Linking>
          <Other>
            <CustomOptions Value="-Wpthingplus_rp2040
-godwarfsets
-godwarfcpp
-Xu"/>
          </Other>
        </CompilerOptions>
      </Item>
    </BuildModes>
    <PublishOptions>
      <Version Value="2"/>
      <UseFileFilters Value="True"/>
    </PublishOptions>
    <RunParams>
      <FormatVersion Value="2"/>
    </RunParams>
    <Units>
      <Unit>
        <Filename Value="gpio_irq.lpr"/>
        <IsPartOfProject Value="True"/>
      </Unit>
    </Units>
  </ProjectOptions>
  <CompilerOptions>
    <Version Value="11"/>
    <Target>
      <Filename Value="bin/gpio_irq"/>
    </Target>
    <SearchPaths>
      <IncludeFiles Value="$(ProjOutDir)"/>
      <OtherUnitFiles Value="../units-sdk1.5.5"/>
      <UnitOutputDirectory Value="lib/$(TargetCPU)-$(TargetOS)"/>
    </SearchPaths>
    <CodeGeneration>
      <HeapSize Value="4096"/>
      <StackSize Value="4096"/>
      <TargetProcessor Value="ARMV6M"/>
      <TargetCPU Value="arm"/>
      <TargetOS Value="embedded"/>
      <Optimizations>
        <OptimizationLevel Value="0"/>
      </Optimizations>
    </CodeGeneration>
    <Linking>
      <Debugging>
        <DebugInfoType Value="dsDwarf2"/>
        <UseLineInfoUnit Value="False"/>
      </Debugging>
    </Linking>
    <Other>
      <CustomOptions Value="-Wpraspi_pico
-godwarfsets
-godwarfcpp
-Xu"/>
    </Other>
  </CompilerOptions>
  <Debugging>
    <Exceptions>
      <Item>
        <Name Value="EAbort"/>
      </Item>
      <Item>
        <Name Value="ECodetoolError"/>
      </Item>
      <Item>
        <Name Value="EFOpenError"/>
      </Item>
    </Exceptions>
  </Debugging>
</CONFIG>
